
Microsoft Visual Studio Solution File, Format Version 12.00
Project("{2150E333-8FDC-42A3-9474-1A3956D46DE8}") = "Module 1 Introduksjon", "Module 1 Introduksjon", "{751A40B9-48D6-476A-B508-15666C3C040A}"
EndProject
Project("{FAE04EC0-301F-11D3-BF4B-00C04F79EFBC}") = "1-Hello-RestAPI", "1-Hello-RestAPI\1-Hello-RestAPI.csproj", "{3D6D7979-4F36-4A91-A447-A4B77345983F}"
EndProject
Project("{FAE04EC0-301F-11D3-BF4B-00C04F79EFBC}") = "2-PersonRestAPI", "2-PersonRestAPI\2-PersonRestAPI.csproj", "{CF46FD60-491E-4342-8D72-BD32E7CFCAF9}"
EndProject
Project("{FAE04EC0-301F-11D3-BF4B-00C04F79EFBC}") = "ExtensionMethods", "ExtensionMethods\ExtensionMethods.csproj", "{C135623E-3A87-4356-9F9B-8089C86D3F6E}"
EndProject
Project("{2150E333-8FDC-42A3-9474-1A3956D46DE8}") = "Module 2 Controllers", "Module 2 Controllers", "{701E824E-2301-4A6D-9EC4-A2CAEB533A95}"
EndProject
Project("{FAE04EC0-301F-11D3-BF4B-00C04F79EFBC}") = "3-Hello-Controllers", "3-Hello-Controllers\3-Hello-Controllers.csproj", "{BF96F920-E886-41E1-8EDA-C4272FEA84A4}"
EndProject
Project("{FAE04EC0-301F-11D3-BF4B-00C04F79EFBC}") = "StudentBloggAPI", "StudentBloggAPI\StudentBloggAPI.csproj", "{D8F66D60-DF30-4690-B265-6151214D4C75}"
EndProject
Global
	GlobalSection(SolutionConfigurationPlatforms) = preSolution
		Debug|Any CPU = Debug|Any CPU
		Release|Any CPU = Release|Any CPU
	EndGlobalSection
	GlobalSection(ProjectConfigurationPlatforms) = postSolution
		{3D6D7979-4F36-4A91-A447-A4B77345983F}.Debug|Any CPU.ActiveCfg = Debug|Any CPU
		{3D6D7979-4F36-4A91-A447-A4B77345983F}.Debug|Any CPU.Build.0 = Debug|Any CPU
		{3D6D7979-4F36-4A91-A447-A4B77345983F}.Release|Any CPU.ActiveCfg = Release|Any CPU
		{3D6D7979-4F36-4A91-A447-A4B77345983F}.Release|Any CPU.Build.0 = Release|Any CPU
		{CF46FD60-491E-4342-8D72-BD32E7CFCAF9}.Debug|Any CPU.ActiveCfg = Debug|Any CPU
		{CF46FD60-491E-4342-8D72-BD32E7CFCAF9}.Debug|Any CPU.Build.0 = Debug|Any CPU
		{CF46FD60-491E-4342-8D72-BD32E7CFCAF9}.Release|Any CPU.ActiveCfg = Release|Any CPU
		{CF46FD60-491E-4342-8D72-BD32E7CFCAF9}.Release|Any CPU.Build.0 = Release|Any CPU
		{C135623E-3A87-4356-9F9B-8089C86D3F6E}.Debug|Any CPU.ActiveCfg = Debug|Any CPU
		{C135623E-3A87-4356-9F9B-8089C86D3F6E}.Debug|Any CPU.Build.0 = Debug|Any CPU
		{C135623E-3A87-4356-9F9B-8089C86D3F6E}.Release|Any CPU.ActiveCfg = Release|Any CPU
		{C135623E-3A87-4356-9F9B-8089C86D3F6E}.Release|Any CPU.Build.0 = Release|Any CPU
		{BF96F920-E886-41E1-8EDA-C4272FEA84A4}.Debug|Any CPU.ActiveCfg = Debug|Any CPU
		{BF96F920-E886-41E1-8EDA-C4272FEA84A4}.Debug|Any CPU.Build.0 = Debug|Any CPU
		{BF96F920-E886-41E1-8EDA-C4272FEA84A4}.Release|Any CPU.ActiveCfg = Release|Any CPU
		{BF96F920-E886-41E1-8EDA-C4272FEA84A4}.Release|Any CPU.Build.0 = Release|Any CPU
		{D8F66D60-DF30-4690-B265-6151214D4C75}.Debug|Any CPU.ActiveCfg = Debug|Any CPU
		{D8F66D60-DF30-4690-B265-6151214D4C75}.Debug|Any CPU.Build.0 = Debug|Any CPU
		{D8F66D60-DF30-4690-B265-6151214D4C75}.Release|Any CPU.ActiveCfg = Release|Any CPU
		{D8F66D60-DF30-4690-B265-6151214D4C75}.Release|Any CPU.Build.0 = Release|Any CPU
	EndGlobalSection
	GlobalSection(NestedProjects) = preSolution
		{3D6D7979-4F36-4A91-A447-A4B77345983F} = {751A40B9-48D6-476A-B508-15666C3C040A}
		{CF46FD60-491E-4342-8D72-BD32E7CFCAF9} = {751A40B9-48D6-476A-B508-15666C3C040A}
		{C135623E-3A87-4356-9F9B-8089C86D3F6E} = {751A40B9-48D6-476A-B508-15666C3C040A}
		{BF96F920-E886-41E1-8EDA-C4272FEA84A4} = {701E824E-2301-4A6D-9EC4-A2CAEB533A95}
		{D8F66D60-DF30-4690-B265-6151214D4C75} = {701E824E-2301-4A6D-9EC4-A2CAEB533A95}
	EndGlobalSection
EndGlobal
